
Microsoft Visual Studio Solution File, Format Version 11.00
# Visual Studio 2010
Project("{2150E333-8FDC-42A3-9474-1A3956D46DE8}") = "4 - FrontEnd", "4 - FrontEnd", "{7B31872C-955D-4441-A3D8-EF6DD21F352A}"
EndProject
Project("{2150E333-8FDC-42A3-9474-1A3956D46DE8}") = "1 - Library", "1 - Library", "{F95238F1-AA8A-4EF8-8707-2036E0F52099}"
EndProject
Project("{FAE04EC0-301F-11D3-BF4B-00C04F79EFBC}") = "ScreenCaptureTimer", "FrontEnd\10012-ScreenCaptureTimer\ScreenCaptureTimer.csproj", "{02C6C55F-D5F2-44C1-8A78-94972D1EACB7}"
	ProjectSection(ProjectDependencies) = postProject
		{30C9C44B-8249-4397-A3A6-F78A78EAE927} = {30C9C44B-8249-4397-A3A6-F78A78EAE927}
		{A8AC5CBC-A926-421C-A901-05ABD12B6D46} = {A8AC5CBC-A926-421C-A901-05ABD12B6D46}
		{F18A1FF0-206A-4EF9-892B-7567EC7AFA5F} = {F18A1FF0-206A-4EF9-892B-7567EC7AFA5F}
	EndProjectSection
EndProject
Project("{2150E333-8FDC-42A3-9474-1A3956D46DE8}") = "Core", "Core", "{00CDCC87-C64F-46C7-94BD-4F11D13CC1E8}"
EndProject
Project("{2150E333-8FDC-42A3-9474-1A3956D46DE8}") = "GUI", "GUI", "{465AD1CD-4E61-43D1-9AF8-5929D50D7A43}"
EndProject
Project("{2150E333-8FDC-42A3-9474-1A3956D46DE8}") = "WPF", "WPF", "{25D50CA0-7EFC-4A49-A206-C17A5CB04843}"
EndProject
Project("{2150E333-8FDC-42A3-9474-1A3956D46DE8}") = "Util", "Util", "{161946FA-B974-40FB-9030-AB92660F554C}"
EndProject
Project("{FAE04EC0-301F-11D3-BF4B-00C04F79EFBC}") = "ScreenShotHelper", "Core\GUI\WPF\ScreenShotHelper\ScreenShotHelper.csproj", "{DA54AF72-0F7A-43B6-AD8E-D18C6DA7C548}"
EndProject
Project("{FAE04EC0-301F-11D3-BF4B-00C04F79EFBC}") = "Asset", "Core\Util\Asset.csproj", "{F18A1FF0-206A-4EF9-892B-7567EC7AFA5F}"
EndProject
Project("{FAE04EC0-301F-11D3-BF4B-00C04F79EFBC}") = "ViewModelHelpers", "Core\GUI\MVVM\ViewModelHelpers\ViewModelHelpers\ViewModelHelpers.csproj", "{6B2B5F9D-1305-48FF-ACBA-56BCF9EB21D6}"
EndProject
Project("{FAE04EC0-301F-11D3-BF4B-00C04F79EFBC}") = "Singleton", "Core\Util\Singleton\Singleton.csproj", "{A8AC5CBC-A926-421C-A901-05ABD12B6D46}"
EndProject
Project("{FAE04EC0-301F-11D3-BF4B-00C04F79EFBC}") = "Logger", "Core\Util\Logger\Logger.csproj", "{30C9C44B-8249-4397-A3A6-F78A78EAE927}"
EndProject
Project("{FAE04EC0-301F-11D3-BF4B-00C04F79EFBC}") = "Util", "Core\Util\Util\Util.csproj", "{C80C1BB5-0F95-4B5D-969D-D654990028AA}"
EndProject
Global
	GlobalSection(SolutionConfigurationPlatforms) = preSolution
		Debug|Any CPU = Debug|Any CPU
		Debug|Mixed Platforms = Debug|Mixed Platforms
		Debug|x86 = Debug|x86
		Release|Any CPU = Release|Any CPU
		Release|Mixed Platforms = Release|Mixed Platforms
		Release|x86 = Release|x86
	EndGlobalSection
	GlobalSection(ProjectConfigurationPlatforms) = postSolution
		{02C6C55F-D5F2-44C1-8A78-94972D1EACB7}.Debug|Any CPU.ActiveCfg = Debug|x86
		{02C6C55F-D5F2-44C1-8A78-94972D1EACB7}.Debug|Any CPU.Build.0 = Debug|x86
		{02C6C55F-D5F2-44C1-8A78-94972D1EACB7}.Debug|Mixed Platforms.ActiveCfg = Debug|x86
		{02C6C55F-D5F2-44C1-8A78-94972D1EACB7}.Debug|Mixed Platforms.Build.0 = Debug|x86
		{02C6C55F-D5F2-44C1-8A78-94972D1EACB7}.Debug|x86.ActiveCfg = Debug|x86
		{02C6C55F-D5F2-44C1-8A78-94972D1EACB7}.Debug|x86.Build.0 = Debug|x86
		{02C6C55F-D5F2-44C1-8A78-94972D1EACB7}.Release|Any CPU.ActiveCfg = Release|x86
		{02C6C55F-D5F2-44C1-8A78-94972D1EACB7}.Release|Mixed Platforms.ActiveCfg = Release|x86
		{02C6C55F-D5F2-44C1-8A78-94972D1EACB7}.Release|Mixed Platforms.Build.0 = Release|x86
		{02C6C55F-D5F2-44C1-8A78-94972D1EACB7}.Release|x86.ActiveCfg = Release|x86
		{02C6C55F-D5F2-44C1-8A78-94972D1EACB7}.Release|x86.Build.0 = Release|x86
		{DA54AF72-0F7A-43B6-AD8E-D18C6DA7C548}.Debug|Any CPU.ActiveCfg = Debug|Any CPU
		{DA54AF72-0F7A-43B6-AD8E-D18C6DA7C548}.Debug|Any CPU.Build.0 = Debug|Any CPU
		{DA54AF72-0F7A-43B6-AD8E-D18C6DA7C548}.Debug|Mixed Platforms.ActiveCfg = Debug|Any CPU
		{DA54AF72-0F7A-43B6-AD8E-D18C6DA7C548}.Debug|Mixed Platforms.Build.0 = Debug|Any CPU
		{DA54AF72-0F7A-43B6-AD8E-D18C6DA7C548}.Debug|x86.ActiveCfg = Debug|Any CPU
		{DA54AF72-0F7A-43B6-AD8E-D18C6DA7C548}.Release|Any CPU.ActiveCfg = Release|Any CPU
		{DA54AF72-0F7A-43B6-AD8E-D18C6DA7C548}.Release|Any CPU.Build.0 = Release|Any CPU
		{DA54AF72-0F7A-43B6-AD8E-D18C6DA7C548}.Release|Mixed Platforms.ActiveCfg = Release|Any CPU
		{DA54AF72-0F7A-43B6-AD8E-D18C6DA7C548}.Release|Mixed Platforms.Build.0 = Release|Any CPU
		{DA54AF72-0F7A-43B6-AD8E-D18C6DA7C548}.Release|x86.ActiveCfg = Release|Any CPU
		{F18A1FF0-206A-4EF9-892B-7567EC7AFA5F}.Debug|Any CPU.ActiveCfg = Debug|Any CPU
		{F18A1FF0-206A-4EF9-892B-7567EC7AFA5F}.Debug|Any CPU.Build.0 = Debug|Any CPU
		{F18A1FF0-206A-4EF9-892B-7567EC7AFA5F}.Debug|Mixed Platforms.ActiveCfg = Debug|Any CPU
		{F18A1FF0-206A-4EF9-892B-7567EC7AFA5F}.Debug|Mixed Platforms.Build.0 = Debug|Any CPU
		{F18A1FF0-206A-4EF9-892B-7567EC7AFA5F}.Debug|x86.ActiveCfg = Debug|Any CPU
		{F18A1FF0-206A-4EF9-892B-7567EC7AFA5F}.Release|Any CPU.ActiveCfg = Release|Any CPU
		{F18A1FF0-206A-4EF9-892B-7567EC7AFA5F}.Release|Any CPU.Build.0 = Release|Any CPU
		{F18A1FF0-206A-4EF9-892B-7567EC7AFA5F}.Release|Mixed Platforms.ActiveCfg = Release|Any CPU
		{F18A1FF0-206A-4EF9-892B-7567EC7AFA5F}.Release|Mixed Platforms.Build.0 = Release|Any CPU
		{F18A1FF0-206A-4EF9-892B-7567EC7AFA5F}.Release|x86.ActiveCfg = Release|Any CPU
		{6B2B5F9D-1305-48FF-ACBA-56BCF9EB21D6}.Debug|Any CPU.ActiveCfg = Debug|Any CPU
		{6B2B5F9D-1305-48FF-ACBA-56BCF9EB21D6}.Debug|Any CPU.Build.0 = Debug|Any CPU
		{6B2B5F9D-1305-48FF-ACBA-56BCF9EB21D6}.Debug|Mixed Platforms.ActiveCfg = Debug|Any CPU
		{6B2B5F9D-1305-48FF-ACBA-56BCF9EB21D6}.Debug|Mixed Platforms.Build.0 = Debug|Any CPU
		{6B2B5F9D-1305-48FF-ACBA-56BCF9EB21D6}.Debug|x86.ActiveCfg = Debug|Any CPU
		{6B2B5F9D-1305-48FF-ACBA-56BCF9EB21D6}.Release|Any CPU.ActiveCfg = Release|Any CPU
		{6B2B5F9D-1305-48FF-ACBA-56BCF9EB21D6}.Release|Any CPU.Build.0 = Release|Any CPU
		{6B2B5F9D-1305-48FF-ACBA-56BCF9EB21D6}.Release|Mixed Platforms.ActiveCfg = Release|Any CPU
		{6B2B5F9D-1305-48FF-ACBA-56BCF9EB21D6}.Release|Mixed Platforms.Build.0 = Release|Any CPU
		{6B2B5F9D-1305-48FF-ACBA-56BCF9EB21D6}.Release|x86.ActiveCfg = Release|Any CPU
		{A8AC5CBC-A926-421C-A901-05ABD12B6D46}.Debug|Any CPU.ActiveCfg = Debug|Any CPU
		{A8AC5CBC-A926-421C-A901-05ABD12B6D46}.Debug|Any CPU.Build.0 = Debug|Any CPU
		{A8AC5CBC-A926-421C-A901-05ABD12B6D46}.Debug|Mixed Platforms.ActiveCfg = Debug|Any CPU
		{A8AC5CBC-A926-421C-A901-05ABD12B6D46}.Debug|Mixed Platforms.Build.0 = Debug|Any CPU
		{A8AC5CBC-A926-421C-A901-05ABD12B6D46}.Debug|x86.ActiveCfg = Debug|Any CPU
		{A8AC5CBC-A926-421C-A901-05ABD12B6D46}.Release|Any CPU.ActiveCfg = Release|Any CPU
		{A8AC5CBC-A926-421C-A901-05ABD12B6D46}.Release|Any CPU.Build.0 = Release|Any CPU
		{A8AC5CBC-A926-421C-A901-05ABD12B6D46}.Release|Mixed Platforms.ActiveCfg = Release|Any CPU
		{A8AC5CBC-A926-421C-A901-05ABD12B6D46}.Release|Mixed Platforms.Build.0 = Release|Any CPU
		{A8AC5CBC-A926-421C-A901-05ABD12B6D46}.Release|x86.ActiveCfg = Release|Any CPU
		{30C9C44B-8249-4397-A3A6-F78A78EAE927}.Debug|Any CPU.ActiveCfg = Debug|Any CPU
		{30C9C44B-8249-4397-A3A6-F78A78EAE927}.Debug|Any CPU.Build.0 = Debug|Any CPU
		{30C9C44B-8249-4397-A3A6-F78A78EAE927}.Debug|Mixed Platforms.ActiveCfg = Debug|Any CPU
		{30C9C44B-8249-4397-A3A6-F78A78EAE927}.Debug|Mixed Platforms.Build.0 = Debug|Any CPU
		{30C9C44B-8249-4397-A3A6-F78A78EAE927}.Debug|x86.ActiveCfg = Debug|Any CPU
		{30C9C44B-8249-4397-A3A6-F78A78EAE927}.Release|Any CPU.ActiveCfg = Release|Any CPU
		{30C9C44B-8249-4397-A3A6-F78A78EAE927}.Release|Any CPU.Build.0 = Release|Any CPU
		{30C9C44B-8249-4397-A3A6-F78A78EAE927}.Release|Mixed Platforms.ActiveCfg = Release|Any CPU
		{30C9C44B-8249-4397-A3A6-F78A78EAE927}.Release|Mixed Platforms.Build.0 = Release|Any CPU
		{30C9C44B-8249-4397-A3A6-F78A78EAE927}.Release|x86.ActiveCfg = Release|Any CPU
		{C80C1BB5-0F95-4B5D-969D-D654990028AA}.Debug|Any CPU.ActiveCfg = Debug|Any CPU
		{C80C1BB5-0F95-4B5D-969D-D654990028AA}.Debug|Any CPU.Build.0 = Debug|Any CPU
		{C80C1BB5-0F95-4B5D-969D-D654990028AA}.Debug|Mixed Platforms.ActiveCfg = Debug|Any CPU
		{C80C1BB5-0F95-4B5D-969D-D654990028AA}.Debug|Mixed Platforms.Build.0 = Debug|Any CPU
		{C80C1BB5-0F95-4B5D-969D-D654990028AA}.Debug|x86.ActiveCfg = Debug|Any CPU
		{C80C1BB5-0F95-4B5D-969D-D654990028AA}.Release|Any CPU.ActiveCfg = Release|Any CPU
		{C80C1BB5-0F95-4B5D-969D-D654990028AA}.Release|Any CPU.Build.0 = Release|Any CPU
		{C80C1BB5-0F95-4B5D-969D-D654990028AA}.Release|Mixed Platforms.ActiveCfg = Release|Any CPU
		{C80C1BB5-0F95-4B5D-969D-D654990028AA}.Release|Mixed Platforms.Build.0 = Release|Any CPU
		{C80C1BB5-0F95-4B5D-969D-D654990028AA}.Release|x86.ActiveCfg = Release|Any CPU
	EndGlobalSection
	GlobalSection(SolutionProperties) = preSolution
		HideSolutionNode = FALSE
	EndGlobalSection
	GlobalSection(NestedProjects) = preSolution
		{02C6C55F-D5F2-44C1-8A78-94972D1EACB7} = {7B31872C-955D-4441-A3D8-EF6DD21F352A}
		{00CDCC87-C64F-46C7-94BD-4F11D13CC1E8} = {F95238F1-AA8A-4EF8-8707-2036E0F52099}
		{465AD1CD-4E61-43D1-9AF8-5929D50D7A43} = {00CDCC87-C64F-46C7-94BD-4F11D13CC1E8}
		{161946FA-B974-40FB-9030-AB92660F554C} = {00CDCC87-C64F-46C7-94BD-4F11D13CC1E8}
		{25D50CA0-7EFC-4A49-A206-C17A5CB04843} = {465AD1CD-4E61-43D1-9AF8-5929D50D7A43}
		{6B2B5F9D-1305-48FF-ACBA-56BCF9EB21D6} = {465AD1CD-4E61-43D1-9AF8-5929D50D7A43}
		{DA54AF72-0F7A-43B6-AD8E-D18C6DA7C548} = {25D50CA0-7EFC-4A49-A206-C17A5CB04843}
		{F18A1FF0-206A-4EF9-892B-7567EC7AFA5F} = {161946FA-B974-40FB-9030-AB92660F554C}
		{A8AC5CBC-A926-421C-A901-05ABD12B6D46} = {161946FA-B974-40FB-9030-AB92660F554C}
		{30C9C44B-8249-4397-A3A6-F78A78EAE927} = {161946FA-B974-40FB-9030-AB92660F554C}
		{C80C1BB5-0F95-4B5D-969D-D654990028AA} = {161946FA-B974-40FB-9030-AB92660F554C}
	EndGlobalSection
EndGlobal
